
Microsoft Visual Studio Solution File, Format Version 12.00
# Visual Studio Version 16
VisualStudioVersion = 16.0.29926.136
MinimumVisualStudioVersion = 10.0.40219.1
Project("{FAE04EC0-301F-11D3-BF4B-00C04F79EFBC}") = "TopPhoto", "TopPhoto\TopPhoto.csproj", "{F81AB0B3-93EA-49ED-A233-D4764B72CFC1}"
EndProject
Global
	GlobalSection(SolutionConfigurationPlatforms) = preSolution
		Debug|Any CPU = Debug|Any CPU
		Release|Any CPU = Release|Any CPU
	EndGlobalSection
	GlobalSection(ProjectConfigurationPlatforms) = postSolution
		{F81AB0B3-93EA-49ED-A233-D4764B72CFC1}.Debug|Any CPU.ActiveCfg = Debug|Any CPU
		{F81AB0B3-93EA-49ED-A233-D4764B72CFC1}.Debug|Any CPU.Build.0 = Debug|Any CPU
		{F81AB0B3-93EA-49ED-A233-D4764B72CFC1}.Release|Any CPU.ActiveCfg = Release|Any CPU
		{F81AB0B3-93EA-49ED-A233-D4764B72CFC1}.Release|Any CPU.Build.0 = Release|Any CPU
	EndGlobalSection
	GlobalSection(SolutionProperties) = preSolution
		HideSolutionNode = FALSE
	EndGlobalSection
	GlobalSection(ExtensibilityGlobals) = postSolution
		SolutionGuid = {87EF4415-6A98-4217-B329-740E1C6C5918}
	EndGlobalSection
EndGlobal
